
Microsoft Visual Studio Solution File, Format Version 12.00
# Visual Studio Version 17
VisualStudioVersion = 17.14.36408.4 d17.14
MinimumVisualStudioVersion = 10.0.40219.1
Project("{FAE04EC0-301F-11D3-BF4B-00C04F79EFBC}") = "TP1_Algo03_VincentSChevrier", "TP1_Algo03_VincentSChevrier\TP1_Algo03_VincentSChevrier.csproj", "{23123C71-803A-4E90-9D19-7D8211C801AA}"
EndProject
Global
	GlobalSection(SolutionConfigurationPlatforms) = preSolution
		Debug|Any CPU = Debug|Any CPU
		Release|Any CPU = Release|Any CPU
	EndGlobalSection
	GlobalSection(ProjectConfigurationPlatforms) = postSolution
		{23123C71-803A-4E90-9D19-7D8211C801AA}.Debug|Any CPU.ActiveCfg = Debug|Any CPU
		{23123C71-803A-4E90-9D19-7D8211C801AA}.Debug|Any CPU.Build.0 = Debug|Any CPU
		{23123C71-803A-4E90-9D19-7D8211C801AA}.Release|Any CPU.ActiveCfg = Release|Any CPU
		{23123C71-803A-4E90-9D19-7D8211C801AA}.Release|Any CPU.Build.0 = Release|Any CPU
	EndGlobalSection
	GlobalSection(SolutionProperties) = preSolution
		HideSolutionNode = FALSE
	EndGlobalSection
	GlobalSection(ExtensibilityGlobals) = postSolution
		SolutionGuid = {C516BEA3-135A-4D56-BAD3-C803B5C6DD55}
	EndGlobalSection
EndGlobal
